
Microsoft Visual Studio Solution File, Format Version 12.00
# Visual Studio Version 17
VisualStudioVersion = 17.3.32901.215
MinimumVisualStudioVersion = 10.0.40219.1
Project("{FAE04EC0-301F-11D3-BF4B-00C04F79EFBC}") = "Task1", "IndependentWork10\Task1.csproj", "{BD871F8F-92FE-4CE7-ACFE-FB84C3908F45}"
EndProject
Global
	GlobalSection(SolutionConfigurationPlatforms) = preSolution
		Debug|Any CPU = Debug|Any CPU
		Release|Any CPU = Release|Any CPU
	EndGlobalSection
	GlobalSection(ProjectConfigurationPlatforms) = postSolution
		{BD871F8F-92FE-4CE7-ACFE-FB84C3908F45}.Debug|Any CPU.ActiveCfg = Debug|Any CPU
		{BD871F8F-92FE-4CE7-ACFE-FB84C3908F45}.Debug|Any CPU.Build.0 = Debug|Any CPU
		{BD871F8F-92FE-4CE7-ACFE-FB84C3908F45}.Release|Any CPU.ActiveCfg = Release|Any CPU
		{BD871F8F-92FE-4CE7-ACFE-FB84C3908F45}.Release|Any CPU.Build.0 = Release|Any CPU
	EndGlobalSection
	GlobalSection(SolutionProperties) = preSolution
		HideSolutionNode = FALSE
	EndGlobalSection
	GlobalSection(ExtensibilityGlobals) = postSolution
		SolutionGuid = {F4C07396-2A02-43A3-81CC-70A906329140}
	EndGlobalSection
EndGlobal
